
Microsoft Visual Studio Solution File, Format Version 12.00
# Visual Studio Version 17
VisualStudioVersion = 17.0.31903.59
MinimumVisualStudioVersion = 10.0.40219.1
Project("{2150E333-8FDC-42A3-9474-1A3956D46DE8}") = "src", "src", "{827E0CD3-B72D-47B6-A68D-7590B98EB39B}"
EndProject
Project("{FAE04EC0-301F-11D3-BF4B-00C04F79EFBC}") = "Kawa.Abstractions", "src\Kawa.Abstractions\Kawa.Abstractions.csproj", "{E06D193C-56B9-4DC8-9310-7E8D8B50C3D8}"
EndProject
Project("{FAE04EC0-301F-11D3-BF4B-00C04F79EFBC}") = "Kawa.Core", "src\Kawa.Core\Kawa.Core.csproj", "{87D95B77-F518-47E2-8D21-8B0764F264EE}"
EndProject
Project("{FAE04EC0-301F-11D3-BF4B-00C04F79EFBC}") = "Kawa.Web", "src\Kawa.Web\Kawa.Web.csproj", "{C19B782F-88E4-456F-9024-BA771AA82550}"
EndProject
Project("{F2A71F9B-5D33-465A-A702-920D77279786}") = "Kawa.FSharp", "src\Kawa.FSharp\Kawa.FSharp.fsproj", "{D7E60475-8C41-4147-87C3-C747C04EA1D4}"
EndProject
Project("{FAE04EC0-301F-11D3-BF4B-00C04F79EFBC}") = "Kawa.Core.Tests", "tests\Kawa.Core.Tests\Kawa.Core.Tests.csproj", "{135A06D0-6BAE-4326-9E37-2C3C08FDE412}"
EndProject
Project("{2150E333-8FDC-42A3-9474-1A3956D46DE8}") = "tests", "tests", "{0AB3BF05-4346-4AA6-1389-037BE0695223}"
EndProject
Project("{FAE04EC0-301F-11D3-BF4B-00C04F79EFBC}") = "Kawa.Web.Tests", "tests\Kawa.Web.Tests\Kawa.Web.Tests.csproj", "{5DC37C57-CD4C-4B64-B714-9A000BBBD604}"
EndProject
Project("{2150E333-8FDC-42A3-9474-1A3956D46DE8}") = "samples", "samples", "{5D20AA90-6969-D8BD-9DCD-8634F4692FDA}"
EndProject
Project("{FAE04EC0-301F-11D3-BF4B-00C04F79EFBC}") = "Kawa.Sample.CSharp", "samples\Kawa.Sample.CSharp\Kawa.Sample.CSharp.csproj", "{82689D3C-A478-4672-9E9E-3516CFDFB152}"
EndProject
Project("{F2A71F9B-5D33-465A-A702-920D77279786}") = "Kawa.Sample.Mixed.UseCases", "samples\Kawa.Sample.Mixed.UseCases\Kawa.Sample.Mixed.UseCases.fsproj", "{7A0F87EC-1101-491F-BA83-8EFB84F603F4}"
EndProject
Project("{FAE04EC0-301F-11D3-BF4B-00C04F79EFBC}") = "Kawa.Sample.Mixed", "samples\Kawa.Sample.Mixed\Kawa.Sample.Mixed.csproj", "{3D34E7A1-7C5E-4DB4-BF11-34768F0D6A20}"
EndProject
Global
	GlobalSection(SolutionConfigurationPlatforms) = preSolution
		Debug|Any CPU = Debug|Any CPU
		Debug|x64 = Debug|x64
		Debug|x86 = Debug|x86
		Release|Any CPU = Release|Any CPU
		Release|x64 = Release|x64
		Release|x86 = Release|x86
	EndGlobalSection
	GlobalSection(ProjectConfigurationPlatforms) = postSolution
		{E06D193C-56B9-4DC8-9310-7E8D8B50C3D8}.Debug|Any CPU.ActiveCfg = Debug|Any CPU
		{E06D193C-56B9-4DC8-9310-7E8D8B50C3D8}.Debug|Any CPU.Build.0 = Debug|Any CPU
		{E06D193C-56B9-4DC8-9310-7E8D8B50C3D8}.Debug|x64.ActiveCfg = Debug|Any CPU
		{E06D193C-56B9-4DC8-9310-7E8D8B50C3D8}.Debug|x64.Build.0 = Debug|Any CPU
		{E06D193C-56B9-4DC8-9310-7E8D8B50C3D8}.Debug|x86.ActiveCfg = Debug|Any CPU
		{E06D193C-56B9-4DC8-9310-7E8D8B50C3D8}.Debug|x86.Build.0 = Debug|Any CPU
		{E06D193C-56B9-4DC8-9310-7E8D8B50C3D8}.Release|Any CPU.ActiveCfg = Release|Any CPU
		{E06D193C-56B9-4DC8-9310-7E8D8B50C3D8}.Release|Any CPU.Build.0 = Release|Any CPU
		{E06D193C-56B9-4DC8-9310-7E8D8B50C3D8}.Release|x64.ActiveCfg = Release|Any CPU
		{E06D193C-56B9-4DC8-9310-7E8D8B50C3D8}.Release|x64.Build.0 = Release|Any CPU
		{E06D193C-56B9-4DC8-9310-7E8D8B50C3D8}.Release|x86.ActiveCfg = Release|Any CPU
		{E06D193C-56B9-4DC8-9310-7E8D8B50C3D8}.Release|x86.Build.0 = Release|Any CPU
		{87D95B77-F518-47E2-8D21-8B0764F264EE}.Debug|Any CPU.ActiveCfg = Debug|Any CPU
		{87D95B77-F518-47E2-8D21-8B0764F264EE}.Debug|Any CPU.Build.0 = Debug|Any CPU
		{87D95B77-F518-47E2-8D21-8B0764F264EE}.Debug|x64.ActiveCfg = Debug|Any CPU
		{87D95B77-F518-47E2-8D21-8B0764F264EE}.Debug|x64.Build.0 = Debug|Any CPU
		{87D95B77-F518-47E2-8D21-8B0764F264EE}.Debug|x86.ActiveCfg = Debug|Any CPU
		{87D95B77-F518-47E2-8D21-8B0764F264EE}.Debug|x86.Build.0 = Debug|Any CPU
		{87D95B77-F518-47E2-8D21-8B0764F264EE}.Release|Any CPU.ActiveCfg = Release|Any CPU
		{87D95B77-F518-47E2-8D21-8B0764F264EE}.Release|Any CPU.Build.0 = Release|Any CPU
		{87D95B77-F518-47E2-8D21-8B0764F264EE}.Release|x64.ActiveCfg = Release|Any CPU
		{87D95B77-F518-47E2-8D21-8B0764F264EE}.Release|x64.Build.0 = Release|Any CPU
		{87D95B77-F518-47E2-8D21-8B0764F264EE}.Release|x86.ActiveCfg = Release|Any CPU
		{87D95B77-F518-47E2-8D21-8B0764F264EE}.Release|x86.Build.0 = Release|Any CPU
		{C19B782F-88E4-456F-9024-BA771AA82550}.Debug|Any CPU.ActiveCfg = Debug|Any CPU
		{C19B782F-88E4-456F-9024-BA771AA82550}.Debug|Any CPU.Build.0 = Debug|Any CPU
		{C19B782F-88E4-456F-9024-BA771AA82550}.Debug|x64.ActiveCfg = Debug|Any CPU
		{C19B782F-88E4-456F-9024-BA771AA82550}.Debug|x64.Build.0 = Debug|Any CPU
		{C19B782F-88E4-456F-9024-BA771AA82550}.Debug|x86.ActiveCfg = Debug|Any CPU
		{C19B782F-88E4-456F-9024-BA771AA82550}.Debug|x86.Build.0 = Debug|Any CPU
		{C19B782F-88E4-456F-9024-BA771AA82550}.Release|Any CPU.ActiveCfg = Release|Any CPU
		{C19B782F-88E4-456F-9024-BA771AA82550}.Release|Any CPU.Build.0 = Release|Any CPU
		{C19B782F-88E4-456F-9024-BA771AA82550}.Release|x64.ActiveCfg = Release|Any CPU
		{C19B782F-88E4-456F-9024-BA771AA82550}.Release|x64.Build.0 = Release|Any CPU
		{C19B782F-88E4-456F-9024-BA771AA82550}.Release|x86.ActiveCfg = Release|Any CPU
		{C19B782F-88E4-456F-9024-BA771AA82550}.Release|x86.Build.0 = Release|Any CPU
		{D7E60475-8C41-4147-87C3-C747C04EA1D4}.Debug|Any CPU.ActiveCfg = Debug|Any CPU
		{D7E60475-8C41-4147-87C3-C747C04EA1D4}.Debug|Any CPU.Build.0 = Debug|Any CPU
		{D7E60475-8C41-4147-87C3-C747C04EA1D4}.Debug|x64.ActiveCfg = Debug|Any CPU
		{D7E60475-8C41-4147-87C3-C747C04EA1D4}.Debug|x64.Build.0 = Debug|Any CPU
		{D7E60475-8C41-4147-87C3-C747C04EA1D4}.Debug|x86.ActiveCfg = Debug|Any CPU
		{D7E60475-8C41-4147-87C3-C747C04EA1D4}.Debug|x86.Build.0 = Debug|Any CPU
		{D7E60475-8C41-4147-87C3-C747C04EA1D4}.Release|Any CPU.ActiveCfg = Release|Any CPU
		{D7E60475-8C41-4147-87C3-C747C04EA1D4}.Release|Any CPU.Build.0 = Release|Any CPU
		{D7E60475-8C41-4147-87C3-C747C04EA1D4}.Release|x64.ActiveCfg = Release|Any CPU
		{D7E60475-8C41-4147-87C3-C747C04EA1D4}.Release|x64.Build.0 = Release|Any CPU
		{D7E60475-8C41-4147-87C3-C747C04EA1D4}.Release|x86.ActiveCfg = Release|Any CPU
		{D7E60475-8C41-4147-87C3-C747C04EA1D4}.Release|x86.Build.0 = Release|Any CPU
		{135A06D0-6BAE-4326-9E37-2C3C08FDE412}.Debug|Any CPU.ActiveCfg = Debug|Any CPU
		{135A06D0-6BAE-4326-9E37-2C3C08FDE412}.Debug|Any CPU.Build.0 = Debug|Any CPU
		{135A06D0-6BAE-4326-9E37-2C3C08FDE412}.Debug|x64.ActiveCfg = Debug|Any CPU
		{135A06D0-6BAE-4326-9E37-2C3C08FDE412}.Debug|x64.Build.0 = Debug|Any CPU
		{135A06D0-6BAE-4326-9E37-2C3C08FDE412}.Debug|x86.ActiveCfg = Debug|Any CPU
		{135A06D0-6BAE-4326-9E37-2C3C08FDE412}.Debug|x86.Build.0 = Debug|Any CPU
		{135A06D0-6BAE-4326-9E37-2C3C08FDE412}.Release|Any CPU.ActiveCfg = Release|Any CPU
		{135A06D0-6BAE-4326-9E37-2C3C08FDE412}.Release|Any CPU.Build.0 = Release|Any CPU
		{135A06D0-6BAE-4326-9E37-2C3C08FDE412}.Release|x64.ActiveCfg = Release|Any CPU
		{135A06D0-6BAE-4326-9E37-2C3C08FDE412}.Release|x64.Build.0 = Release|Any CPU
		{135A06D0-6BAE-4326-9E37-2C3C08FDE412}.Release|x86.ActiveCfg = Release|Any CPU
		{135A06D0-6BAE-4326-9E37-2C3C08FDE412}.Release|x86.Build.0 = Release|Any CPU
		{5DC37C57-CD4C-4B64-B714-9A000BBBD604}.Debug|Any CPU.ActiveCfg = Debug|Any CPU
		{5DC37C57-CD4C-4B64-B714-9A000BBBD604}.Debug|Any CPU.Build.0 = Debug|Any CPU
		{5DC37C57-CD4C-4B64-B714-9A000BBBD604}.Debug|x64.ActiveCfg = Debug|Any CPU
		{5DC37C57-CD4C-4B64-B714-9A000BBBD604}.Debug|x64.Build.0 = Debug|Any CPU
		{5DC37C57-CD4C-4B64-B714-9A000BBBD604}.Debug|x86.ActiveCfg = Debug|Any CPU
		{5DC37C57-CD4C-4B64-B714-9A000BBBD604}.Debug|x86.Build.0 = Debug|Any CPU
		{5DC37C57-CD4C-4B64-B714-9A000BBBD604}.Release|Any CPU.ActiveCfg = Release|Any CPU
		{5DC37C57-CD4C-4B64-B714-9A000BBBD604}.Release|Any CPU.Build.0 = Release|Any CPU
		{5DC37C57-CD4C-4B64-B714-9A000BBBD604}.Release|x64.ActiveCfg = Release|Any CPU
		{5DC37C57-CD4C-4B64-B714-9A000BBBD604}.Release|x64.Build.0 = Release|Any CPU
		{5DC37C57-CD4C-4B64-B714-9A000BBBD604}.Release|x86.ActiveCfg = Release|Any CPU
		{5DC37C57-CD4C-4B64-B714-9A000BBBD604}.Release|x86.Build.0 = Release|Any CPU
		{82689D3C-A478-4672-9E9E-3516CFDFB152}.Debug|Any CPU.ActiveCfg = Debug|Any CPU
		{82689D3C-A478-4672-9E9E-3516CFDFB152}.Debug|Any CPU.Build.0 = Debug|Any CPU
		{82689D3C-A478-4672-9E9E-3516CFDFB152}.Debug|x64.ActiveCfg = Debug|Any CPU
		{82689D3C-A478-4672-9E9E-3516CFDFB152}.Debug|x64.Build.0 = Debug|Any CPU
		{82689D3C-A478-4672-9E9E-3516CFDFB152}.Debug|x86.ActiveCfg = Debug|Any CPU
		{82689D3C-A478-4672-9E9E-3516CFDFB152}.Debug|x86.Build.0 = Debug|Any CPU
		{82689D3C-A478-4672-9E9E-3516CFDFB152}.Release|Any CPU.ActiveCfg = Release|Any CPU
		{82689D3C-A478-4672-9E9E-3516CFDFB152}.Release|Any CPU.Build.0 = Release|Any CPU
		{82689D3C-A478-4672-9E9E-3516CFDFB152}.Release|x64.ActiveCfg = Release|Any CPU
		{82689D3C-A478-4672-9E9E-3516CFDFB152}.Release|x64.Build.0 = Release|Any CPU
		{82689D3C-A478-4672-9E9E-3516CFDFB152}.Release|x86.ActiveCfg = Release|Any CPU
		{82689D3C-A478-4672-9E9E-3516CFDFB152}.Release|x86.Build.0 = Release|Any CPU
		{7A0F87EC-1101-491F-BA83-8EFB84F603F4}.Debug|Any CPU.ActiveCfg = Debug|Any CPU
		{7A0F87EC-1101-491F-BA83-8EFB84F603F4}.Debug|Any CPU.Build.0 = Debug|Any CPU
		{7A0F87EC-1101-491F-BA83-8EFB84F603F4}.Debug|x64.ActiveCfg = Debug|Any CPU
		{7A0F87EC-1101-491F-BA83-8EFB84F603F4}.Debug|x64.Build.0 = Debug|Any CPU
		{7A0F87EC-1101-491F-BA83-8EFB84F603F4}.Debug|x86.ActiveCfg = Debug|Any CPU
		{7A0F87EC-1101-491F-BA83-8EFB84F603F4}.Debug|x86.Build.0 = Debug|Any CPU
		{7A0F87EC-1101-491F-BA83-8EFB84F603F4}.Release|Any CPU.ActiveCfg = Release|Any CPU
		{7A0F87EC-1101-491F-BA83-8EFB84F603F4}.Release|Any CPU.Build.0 = Release|Any CPU
		{7A0F87EC-1101-491F-BA83-8EFB84F603F4}.Release|x64.ActiveCfg = Release|Any CPU
		{7A0F87EC-1101-491F-BA83-8EFB84F603F4}.Release|x64.Build.0 = Release|Any CPU
		{7A0F87EC-1101-491F-BA83-8EFB84F603F4}.Release|x86.ActiveCfg = Release|Any CPU
		{7A0F87EC-1101-491F-BA83-8EFB84F603F4}.Release|x86.Build.0 = Release|Any CPU
		{3D34E7A1-7C5E-4DB4-BF11-34768F0D6A20}.Debug|Any CPU.ActiveCfg = Debug|Any CPU
		{3D34E7A1-7C5E-4DB4-BF11-34768F0D6A20}.Debug|Any CPU.Build.0 = Debug|Any CPU
		{3D34E7A1-7C5E-4DB4-BF11-34768F0D6A20}.Debug|x64.ActiveCfg = Debug|Any CPU
		{3D34E7A1-7C5E-4DB4-BF11-34768F0D6A20}.Debug|x64.Build.0 = Debug|Any CPU
		{3D34E7A1-7C5E-4DB4-BF11-34768F0D6A20}.Debug|x86.ActiveCfg = Debug|Any CPU
		{3D34E7A1-7C5E-4DB4-BF11-34768F0D6A20}.Debug|x86.Build.0 = Debug|Any CPU
		{3D34E7A1-7C5E-4DB4-BF11-34768F0D6A20}.Release|Any CPU.ActiveCfg = Release|Any CPU
		{3D34E7A1-7C5E-4DB4-BF11-34768F0D6A20}.Release|Any CPU.Build.0 = Release|Any CPU
		{3D34E7A1-7C5E-4DB4-BF11-34768F0D6A20}.Release|x64.ActiveCfg = Release|Any CPU
		{3D34E7A1-7C5E-4DB4-BF11-34768F0D6A20}.Release|x64.Build.0 = Release|Any CPU
		{3D34E7A1-7C5E-4DB4-BF11-34768F0D6A20}.Release|x86.ActiveCfg = Release|Any CPU
		{3D34E7A1-7C5E-4DB4-BF11-34768F0D6A20}.Release|x86.Build.0 = Release|Any CPU
	EndGlobalSection
	GlobalSection(SolutionProperties) = preSolution
		HideSolutionNode = FALSE
	EndGlobalSection
	GlobalSection(NestedProjects) = preSolution
		{E06D193C-56B9-4DC8-9310-7E8D8B50C3D8} = {827E0CD3-B72D-47B6-A68D-7590B98EB39B}
		{87D95B77-F518-47E2-8D21-8B0764F264EE} = {827E0CD3-B72D-47B6-A68D-7590B98EB39B}
		{C19B782F-88E4-456F-9024-BA771AA82550} = {827E0CD3-B72D-47B6-A68D-7590B98EB39B}
		{D7E60475-8C41-4147-87C3-C747C04EA1D4} = {827E0CD3-B72D-47B6-A68D-7590B98EB39B}
		{135A06D0-6BAE-4326-9E37-2C3C08FDE412} = {827E0CD3-B72D-47B6-A68D-7590B98EB39B}
		{5DC37C57-CD4C-4B64-B714-9A000BBBD604} = {0AB3BF05-4346-4AA6-1389-037BE0695223}
		{82689D3C-A478-4672-9E9E-3516CFDFB152} = {5D20AA90-6969-D8BD-9DCD-8634F4692FDA}
		{7A0F87EC-1101-491F-BA83-8EFB84F603F4} = {5D20AA90-6969-D8BD-9DCD-8634F4692FDA}
		{3D34E7A1-7C5E-4DB4-BF11-34768F0D6A20} = {5D20AA90-6969-D8BD-9DCD-8634F4692FDA}
	EndGlobalSection
EndGlobal
